{
  "version": 4,
  "terraform_version": "1.0.11",
  "serial": 64,
  "lineage": "86016956-56a6-48b8-be3a-937aca934363",
  "outputs": {
    "created_document": {
      "value": {
        "collection": "terraform-config",
        "create_time": "2021-11-14T22:06:47.442472Z",
        "database": "(default)",
        "document_id": "module",
        "fields": "{\"description\":{\"stringValue\":\"Test terraform config on creating and updating Firestore document\"},\"fieldname\":{\"mapValue\":{\"fields\":{\"childField\":{\"stringValue\":\"value\"},\"listField\":{\"arrayValue\":{\"values\":[{\"stringValue\":\"x\"},{\"stringValue\":\"y\"},{\"stringValue\":\"z\"},{\"booleanValue\":true},{\"integerValue\":123},{\"doubleValue\":23.65},{\"nullValue\":null}]}}}}},\"name\":{\"stringValue\":\"terrform\"},\"source\":{\"stringValue\":\"from your local machine to Cloud Firestore\"}}",
        "id": "projects/terraform-test-nv-12a/databases/(default)/documents/terraform-config/module",
        "name": "projects/terraform-test-nv-12a/databases/(default)/documents/terraform-config/module",
        "path": "terraform-config/module",
        "project": "terraform-test-nv-12a",
        "timeouts": null,
        "update_time": "2021-11-14T22:06:47.442472Z"
      },
      "type": [
        "object",
        {
          "collection": "string",
          "create_time": "string",
          "database": "string",
          "document_id": "string",
          "fields": "string",
          "id": "string",
          "name": "string",
          "path": "string",
          "project": "string",
          "timeouts": [
            "object",
            {
              "create": "string",
              "delete": "string",
              "update": "string"
            }
          ],
          "update_time": "string"
        }
      ]
    },
    "loop-expression": {
      "value": "\n  \"aaa-0\"\n\n  \"aaa-1\"\n\n  \"aaa-2\"\n\n",
      "type": "string"
    },
    "multi-line-string": {
      "value": "multi-line\nstring\ninterpolation\n",
      "type": "string"
    },
    "topic": {
      "value": [
        "appliocation=terraform-test",
        "creator=nguyen-vo1",
        "name=terraform-to-gcp",
        "owner=nguyen-vo",
        "subscription=terraform-to-gcp-sub"
      ],
      "type": [
        "tuple",
        [
          "string",
          "string",
          "string",
          "string",
          "string"
        ]
      ]
    }
  },
  "resources": [
    {
      "mode": "managed",
      "type": "google_app_engine_application",
      "name": "app",
      "provider": "provider[\"registry.terraform.io/hashicorp/google\"]",
      "instances": [
        {
          "schema_version": 0,
          "attributes": {
            "app_id": "terraform-test-nv-12a",
            "auth_domain": "gmail.com",
            "code_bucket": "staging.terraform-test-nv-12a.appspot.com",
            "database_type": "CLOUD_FIRESTORE",
            "default_bucket": "terraform-test-nv-12a.appspot.com",
            "default_hostname": "terraform-test-nv-12a.ey.r.appspot.com",
            "feature_settings": [
              {
                "split_health_checks": true
              }
            ],
            "gcr_domain": "eu.gcr.io",
            "iap": [],
            "id": "terraform-test-nv-12a",
            "location_id": "europe-west3",
            "name": "apps/terraform-test-nv-12a",
            "project": "terraform-test-nv-12a",
            "serving_status": "SERVING",
            "timeouts": null,
            "url_dispatch_rule": []
          },
          "sensitive_attributes": [],
          "private": "eyJlMmJmYjczMC1lY2FhLTExZTYtOGY4OC0zNDM2M2JjN2M0YzAiOnsiY3JlYXRlIjoyNDAwMDAwMDAwMDAsInVwZGF0ZSI6MjQwMDAwMDAwMDAwfX0=",
          "dependencies": [
            "google_project.test_project"
          ]
        }
      ]
    },
    {
      "mode": "managed",
      "type": "google_project",
      "name": "test_project",
      "provider": "provider[\"registry.terraform.io/hashicorp/google\"]",
      "instances": [
        {
          "schema_version": 1,
          "attributes": {
            "auto_create_network": true,
            "billing_account": null,
            "folder_id": null,
            "id": "projects/terraform-test-nv-12a",
            "labels": {},
            "name": "terraform-test-1a",
            "number": "37813670726",
            "org_id": null,
            "project_id": "terraform-test-nv-12a",
            "skip_delete": null,
            "timeouts": null
          },
          "sensitive_attributes": [],
          "private": "eyJlMmJmYjczMC1lY2FhLTExZTYtOGY4OC0zNDM2M2JjN2M0YzAiOnsiY3JlYXRlIjo2MDAwMDAwMDAwMDAsImRlbGV0ZSI6NjAwMDAwMDAwMDAwLCJyZWFkIjo2MDAwMDAwMDAwMDAsInVwZGF0ZSI6NjAwMDAwMDAwMDAwfSwic2NoZW1hX3ZlcnNpb24iOiIxIn0="
        }
      ]
    },
    {
      "mode": "managed",
      "type": "google_project_service",
      "name": "services",
      "provider": "provider[\"registry.terraform.io/hashicorp/google\"]",
      "instances": [
        {
          "index_key": "firestore.googleapis.com",
          "schema_version": 0,
          "attributes": {
            "disable_dependent_services": true,
            "disable_on_destroy": true,
            "id": "terraform-test-nv-12a/firestore.googleapis.com",
            "project": "terraform-test-nv-12a",
            "service": "firestore.googleapis.com",
            "timeouts": {
              "create": "30m",
              "delete": null,
              "read": null,
              "update": "40m"
            }
          },
          "sensitive_attributes": [],
          "private": "eyJlMmJmYjczMC1lY2FhLTExZTYtOGY4OC0zNDM2M2JjN2M0YzAiOnsiY3JlYXRlIjoxODAwMDAwMDAwMDAwLCJkZWxldGUiOjEyMDAwMDAwMDAwMDAsInJlYWQiOjYwMDAwMDAwMDAwMCwidXBkYXRlIjoyNDAwMDAwMDAwMDAwfX0=",
          "dependencies": [
            "google_project.test_project"
          ]
        },
        {
          "index_key": "pubsub.googleapis.com",
          "schema_version": 0,
          "attributes": {
            "disable_dependent_services": true,
            "disable_on_destroy": true,
            "id": "terraform-test-nv-12a/pubsub.googleapis.com",
            "project": "terraform-test-nv-12a",
            "service": "pubsub.googleapis.com",
            "timeouts": {
              "create": "30m",
              "delete": null,
              "read": null,
              "update": "40m"
            }
          },
          "sensitive_attributes": [],
          "private": "eyJlMmJmYjczMC1lY2FhLTExZTYtOGY4OC0zNDM2M2JjN2M0YzAiOnsiY3JlYXRlIjoxODAwMDAwMDAwMDAwLCJkZWxldGUiOjEyMDAwMDAwMDAwMDAsInJlYWQiOjYwMDAwMDAwMDAwMCwidXBkYXRlIjoyNDAwMDAwMDAwMDAwfX0=",
          "dependencies": [
            "google_project.test_project"
          ]
        }
      ]
    },
    {
      "module": "module.firestore-doc",
      "mode": "managed",
      "type": "google_firestore_document",
      "name": "mydoc",
      "provider": "provider[\"registry.terraform.io/hashicorp/google\"]",
      "instances": [
        {
          "schema_version": 0,
          "attributes": {
            "collection": "terraform-config",
            "create_time": "2021-11-14T22:06:47.442472Z",
            "database": "(default)",
            "document_id": "module",
            "fields": "{\"description\":{\"stringValue\":\"Test terraform config on creating and updating Firestore document\"},\"fieldname\":{\"mapValue\":{\"fields\":{\"childField\":{\"stringValue\":\"value\"},\"listField\":{\"arrayValue\":{\"values\":[{\"stringValue\":\"x\"},{\"stringValue\":\"y\"},{\"stringValue\":\"z\"},{\"booleanValue\":true},{\"integerValue\":\"123\"},{\"doubleValue\":23.65},{\"nullValue\":null}]}}}}},\"name\":{\"stringValue\":\"terrform\"},\"source\":{\"stringValue\":\"from your local machine to Cloud Firestore\"}}",
            "id": "projects/terraform-test-nv-12a/databases/(default)/documents/terraform-config/module",
            "name": "projects/terraform-test-nv-12a/databases/(default)/documents/terraform-config/module",
            "path": "terraform-config/module",
            "project": "terraform-test-nv-12a",
            "timeouts": null,
            "update_time": "2021-11-14T22:06:47.442472Z"
          },
          "sensitive_attributes": [],
          "private": "eyJlMmJmYjczMC1lY2FhLTExZTYtOGY4OC0zNDM2M2JjN2M0YzAiOnsiY3JlYXRlIjoyNDAwMDAwMDAwMDAsImRlbGV0ZSI6MjQwMDAwMDAwMDAwLCJ1cGRhdGUiOjI0MDAwMDAwMDAwMH19",
          "dependencies": [
            "google_project.test_project",
            "google_project_service.services"
          ]
        }
      ]
    },
    {
      "module": "module.pubsub-local-top-gcp",
      "mode": "managed",
      "type": "google_pubsub_subscription",
      "name": "terraform-to-gcp-sub",
      "provider": "provider[\"registry.terraform.io/hashicorp/google\"]",
      "instances": [
        {
          "schema_version": 0,
          "attributes": {
            "ack_deadline_seconds": 600,
            "dead_letter_policy": [],
            "enable_message_ordering": true,
            "expiration_policy": [
              {
                "ttl": "2678400s"
              }
            ],
            "filter": "",
            "id": "projects/terraform-test-nv-12a/subscriptions/local-to-gcp-sub",
            "labels": null,
            "message_retention_duration": "604800s",
            "name": "local-to-gcp-sub",
            "project": "terraform-test-nv-12a",
            "push_config": [],
            "retain_acked_messages": false,
            "retry_policy": [],
            "timeouts": null,
            "topic": "projects/terraform-test-nv-12a/topics/local-to-gcp"
          },
          "sensitive_attributes": [],
          "private": "eyJlMmJmYjczMC1lY2FhLTExZTYtOGY4OC0zNDM2M2JjN2M0YzAiOnsiY3JlYXRlIjozNjAwMDAwMDAwMDAsImRlbGV0ZSI6MjQwMDAwMDAwMDAwLCJ1cGRhdGUiOjM2MDAwMDAwMDAwMH19",
          "dependencies": [
            "google_project.test_project",
            "module.pubsub-local-top-gcp.google_pubsub_topic.terraform-to-gcp"
          ]
        }
      ]
    },
    {
      "module": "module.pubsub-local-top-gcp",
      "mode": "managed",
      "type": "google_pubsub_topic",
      "name": "terraform-to-gcp",
      "provider": "provider[\"registry.terraform.io/hashicorp/google\"]",
      "instances": [
        {
          "schema_version": 0,
          "attributes": {
            "id": "projects/terraform-test-nv-12a/topics/local-to-gcp",
            "kms_key_name": "",
            "labels": null,
            "message_storage_policy": [
              {
                "allowed_persistence_regions": [
                  "europe-west3"
                ]
              }
            ],
            "name": "local-to-gcp",
            "project": "terraform-test-nv-12a",
            "schema_settings": [],
            "timeouts": null
          },
          "sensitive_attributes": [],
          "private": "eyJlMmJmYjczMC1lY2FhLTExZTYtOGY4OC0zNDM2M2JjN2M0YzAiOnsiY3JlYXRlIjozNjAwMDAwMDAwMDAsImRlbGV0ZSI6MjQwMDAwMDAwMDAwLCJ1cGRhdGUiOjM2MDAwMDAwMDAwMH19",
          "dependencies": [
            "google_project.test_project"
          ]
        }
      ]
    },
    {
      "module": "module.pubsub-terraform-to-gcp",
      "mode": "managed",
      "type": "google_pubsub_subscription",
      "name": "terraform-to-gcp-sub",
      "provider": "provider[\"registry.terraform.io/hashicorp/google\"]",
      "instances": [
        {
          "schema_version": 0,
          "attributes": {
            "ack_deadline_seconds": 600,
            "dead_letter_policy": [],
            "enable_message_ordering": true,
            "expiration_policy": [
              {
                "ttl": "2678400s"
              }
            ],
            "filter": "",
            "id": "projects/terraform-test-nv-12a/subscriptions/terraform-to-gcp-sub",
            "labels": {
              "appliocation": "terraform-test",
              "creator": "nguyen-vo1",
              "foo": "short-hand",
              "long_if_statement": "hello--aaa-",
              "name": "string-interpolation-aaa",
              "owner": "nguyen-vo"
            },
            "message_retention_duration": "604800s",
            "name": "terraform-to-gcp-sub",
            "project": "terraform-test-nv-12a",
            "push_config": [],
            "retain_acked_messages": false,
            "retry_policy": [],
            "timeouts": null,
            "topic": "projects/terraform-test-nv-12a/topics/terraform-to-gcp"
          },
          "sensitive_attributes": [],
          "private": "eyJlMmJmYjczMC1lY2FhLTExZTYtOGY4OC0zNDM2M2JjN2M0YzAiOnsiY3JlYXRlIjozNjAwMDAwMDAwMDAsImRlbGV0ZSI6MjQwMDAwMDAwMDAwLCJ1cGRhdGUiOjM2MDAwMDAwMDAwMH19",
          "dependencies": [
            "module.pubsub-terraform-to-gcp.google_pubsub_topic.terraform-to-gcp",
            "google_project.test_project"
          ]
        }
      ]
    },
    {
      "module": "module.pubsub-terraform-to-gcp",
      "mode": "managed",
      "type": "google_pubsub_topic",
      "name": "terraform-to-gcp",
      "provider": "provider[\"registry.terraform.io/hashicorp/google\"]",
      "instances": [
        {
          "schema_version": 0,
          "attributes": {
            "id": "projects/terraform-test-nv-12a/topics/terraform-to-gcp",
            "kms_key_name": "",
            "labels": {
              "appliocation": "terraform-test",
              "creator": "nguyen-vo1",
              "foo": "short-hand",
              "long_if_statement": "hello--aaa-",
              "name": "string-interpolation-aaa",
              "owner": "nguyen-vo"
            },
            "message_storage_policy": [
              {
                "allowed_persistence_regions": [
                  "europe-west3"
                ]
              }
            ],
            "name": "terraform-to-gcp",
            "project": "terraform-test-nv-12a",
            "schema_settings": [],
            "timeouts": null
          },
          "sensitive_attributes": [],
          "private": "eyJlMmJmYjczMC1lY2FhLTExZTYtOGY4OC0zNDM2M2JjN2M0YzAiOnsiY3JlYXRlIjozNjAwMDAwMDAwMDAsImRlbGV0ZSI6MjQwMDAwMDAwMDAwLCJ1cGRhdGUiOjM2MDAwMDAwMDAwMH19",
          "dependencies": [
            "google_project.test_project"
          ]
        }
      ]
    }
  ]
}
