{
  "version": 4,
  "terraform_version": "1.0.10",
  "serial": 19,
  "lineage": "3a8d0a13-1860-d19e-faf2-f8ebf9b27145",
  "outputs": {},
  "resources": [
    {
      "mode": "managed",
      "type": "google_app_engine_application",
      "name": "app",
      "provider": "provider[\"registry.terraform.io/hashicorp/google\"]",
      "instances": [
        {
          "schema_version": 0,
          "attributes": {
            "app_id": "terraform-test-nv-1a",
            "auth_domain": "gmail.com",
            "code_bucket": "staging.terraform-test-nv-1a.appspot.com",
            "database_type": "CLOUD_FIRESTORE",
            "default_bucket": "terraform-test-nv-1a.appspot.com",
            "default_hostname": "terraform-test-nv-1a.ey.r.appspot.com",
            "feature_settings": [
              {
                "split_health_checks": true
              }
            ],
            "gcr_domain": "eu.gcr.io",
            "iap": [],
            "id": "terraform-test-nv-1a",
            "location_id": "europe-west3",
            "name": "apps/terraform-test-nv-1a",
            "project": "terraform-test-nv-1a",
            "serving_status": "SERVING",
            "timeouts": null,
            "url_dispatch_rule": []
          },
          "sensitive_attributes": [],
          "private": "eyJlMmJmYjczMC1lY2FhLTExZTYtOGY4OC0zNDM2M2JjN2M0YzAiOnsiY3JlYXRlIjoyNDAwMDAwMDAwMDAsInVwZGF0ZSI6MjQwMDAwMDAwMDAwfX0=",
          "dependencies": [
            "google_project.test_project"
          ]
        }
      ]
    },
    {
      "mode": "managed",
      "type": "google_firestore_document",
      "name": "mydoc",
      "provider": "provider[\"registry.terraform.io/hashicorp/google\"]",
      "instances": [
        {
          "schema_version": 0,
          "attributes": {
            "collection": "terraform-config",
            "create_time": "2021-11-12T14:31:58.394019Z",
            "database": "(default)",
            "document_id": "local",
            "fields": "{\"description\":{\"stringValue\":\"Test terraform config on creating and updating Firestore document\"},\"fieldname\":{\"mapValue\":{\"fields\":{\"childField\":{\"stringValue\":\"value\"}}}},\"name\":{\"stringValue\":\"terrform\"},\"source\":{\"stringValue\":\"from your local machine to Cloud Firestore\"}}",
            "id": "projects/terraform-test-nv-1a/databases/(default)/documents/terraform-config/local",
            "name": "projects/terraform-test-nv-1a/databases/(default)/documents/terraform-config/local",
            "path": "terraform-config/local",
            "project": "terraform-test-nv-1a",
            "timeouts": null,
            "update_time": "2021-11-12T15:20:53.079530Z"
          },
          "sensitive_attributes": [],
          "private": "eyJlMmJmYjczMC1lY2FhLTExZTYtOGY4OC0zNDM2M2JjN2M0YzAiOnsiY3JlYXRlIjoyNDAwMDAwMDAwMDAsImRlbGV0ZSI6MjQwMDAwMDAwMDAwLCJ1cGRhdGUiOjI0MDAwMDAwMDAwMH19",
          "dependencies": [
            "google_project.test_project",
            "google_project_service.firestore-service"
          ]
        }
      ]
    },
    {
      "mode": "managed",
      "type": "google_project",
      "name": "test_project",
      "provider": "provider[\"registry.terraform.io/hashicorp/google\"]",
      "instances": [
        {
          "schema_version": 1,
          "attributes": {
            "auto_create_network": true,
            "billing_account": null,
            "folder_id": null,
            "id": "projects/terraform-test-nv-1a",
            "labels": {},
            "name": "terraform-test-1a",
            "number": "255678058268",
            "org_id": null,
            "project_id": "terraform-test-nv-1a",
            "skip_delete": null,
            "timeouts": null
          },
          "sensitive_attributes": [],
          "private": "eyJlMmJmYjczMC1lY2FhLTExZTYtOGY4OC0zNDM2M2JjN2M0YzAiOnsiY3JlYXRlIjo2MDAwMDAwMDAwMDAsImRlbGV0ZSI6NjAwMDAwMDAwMDAwLCJyZWFkIjo2MDAwMDAwMDAwMDAsInVwZGF0ZSI6NjAwMDAwMDAwMDAwfSwic2NoZW1hX3ZlcnNpb24iOiIxIn0="
        }
      ]
    },
    {
      "mode": "managed",
      "type": "google_project_service",
      "name": "firestore-service",
      "provider": "provider[\"registry.terraform.io/hashicorp/google\"]",
      "instances": [
        {
          "schema_version": 0,
          "attributes": {
            "disable_dependent_services": false,
            "disable_on_destroy": true,
            "id": "terraform-test-nv-1a/firestore.googleapis.com",
            "project": "terraform-test-nv-1a",
            "service": "firestore.googleapis.com",
            "timeouts": {
              "create": "30m",
              "delete": null,
              "read": null,
              "update": "40m"
            }
          },
          "sensitive_attributes": [],
          "private": "eyJlMmJmYjczMC1lY2FhLTExZTYtOGY4OC0zNDM2M2JjN2M0YzAiOnsiY3JlYXRlIjoxODAwMDAwMDAwMDAwLCJkZWxldGUiOjEyMDAwMDAwMDAwMDAsInJlYWQiOjYwMDAwMDAwMDAwMCwidXBkYXRlIjoyNDAwMDAwMDAwMDAwfX0=",
          "dependencies": [
            "google_project.test_project"
          ]
        }
      ]
    },
    {
      "mode": "managed",
      "type": "google_project_service",
      "name": "pubsub-service",
      "provider": "provider[\"registry.terraform.io/hashicorp/google\"]",
      "instances": [
        {
          "schema_version": 0,
          "attributes": {
            "disable_dependent_services": true,
            "disable_on_destroy": true,
            "id": "terraform-test-nv-1a/pubsub.googleapis.com",
            "project": "terraform-test-nv-1a",
            "service": "pubsub.googleapis.com",
            "timeouts": {
              "create": "30m",
              "delete": null,
              "read": null,
              "update": "40m"
            }
          },
          "sensitive_attributes": [],
          "private": "eyJlMmJmYjczMC1lY2FhLTExZTYtOGY4OC0zNDM2M2JjN2M0YzAiOnsiY3JlYXRlIjoxODAwMDAwMDAwMDAwLCJkZWxldGUiOjEyMDAwMDAwMDAwMDAsInJlYWQiOjYwMDAwMDAwMDAwMCwidXBkYXRlIjoyNDAwMDAwMDAwMDAwfX0=",
          "dependencies": [
            "google_project.test_project"
          ]
        }
      ]
    },
    {
      "mode": "managed",
      "type": "google_pubsub_subscription",
      "name": "terraform-to-gcp-sub",
      "provider": "provider[\"registry.terraform.io/hashicorp/google\"]",
      "instances": [
        {
          "schema_version": 0,
          "attributes": {
            "ack_deadline_seconds": 600,
            "dead_letter_policy": [],
            "enable_message_ordering": false,
            "expiration_policy": [
              {
                "ttl": "2678400s"
              }
            ],
            "filter": "",
            "id": "projects/terraform-test-nv-1a/subscriptions/terraform-to-gcp",
            "labels": {
              "appliocation": "terraform-test",
              "creator": "nguyen-vo1",
              "name": "terraform-to-gcp-sub",
              "owner": "nguyen-vo"
            },
            "message_retention_duration": "604800s",
            "name": "terraform-to-gcp",
            "project": "terraform-test-nv-1a",
            "push_config": [],
            "retain_acked_messages": false,
            "retry_policy": [],
            "timeouts": null,
            "topic": "projects/terraform-test-nv-1a/topics/terraform-to-gcp"
          },
          "sensitive_attributes": [],
          "private": "eyJlMmJmYjczMC1lY2FhLTExZTYtOGY4OC0zNDM2M2JjN2M0YzAiOnsiY3JlYXRlIjozNjAwMDAwMDAwMDAsImRlbGV0ZSI6MjQwMDAwMDAwMDAwLCJ1cGRhdGUiOjM2MDAwMDAwMDAwMH19",
          "dependencies": [
            "google_project.test_project",
            "google_pubsub_topic.terraform-to-gcp"
          ]
        }
      ]
    },
    {
      "mode": "managed",
      "type": "google_pubsub_topic",
      "name": "terraform-to-gcp",
      "provider": "provider[\"registry.terraform.io/hashicorp/google\"]",
      "instances": [
        {
          "schema_version": 0,
          "attributes": {
            "id": "projects/terraform-test-nv-1a/topics/terraform-to-gcp",
            "kms_key_name": "",
            "labels": {
              "appliocation": "terraform-test",
              "creator": "nguyen-vo1",
              "name": "terraform-to-gcp",
              "owner": "nguyen-vo"
            },
            "message_storage_policy": [
              {
                "allowed_persistence_regions": [
                  "europe-west3"
                ]
              }
            ],
            "name": "terraform-to-gcp",
            "project": "terraform-test-nv-1a",
            "schema_settings": [],
            "timeouts": null
          },
          "sensitive_attributes": [],
          "private": "eyJlMmJmYjczMC1lY2FhLTExZTYtOGY4OC0zNDM2M2JjN2M0YzAiOnsiY3JlYXRlIjozNjAwMDAwMDAwMDAsImRlbGV0ZSI6MjQwMDAwMDAwMDAwLCJ1cGRhdGUiOjM2MDAwMDAwMDAwMH19",
          "dependencies": [
            "google_project.test_project"
          ]
        }
      ]
    }
  ]
}
